
Microsoft Visual Studio Solution File, Format Version 12.00
# Visual Studio 15
Project("{FAE04EC0-301F-11D3-BF4B-00C04F79EFBC}") = "Assembly-CSharp", "Assembly-CSharp.csproj", "{51886B5B-CE3C-1414-6242-0C63DFB8EB49}"
EndProject
Project("{FAE04EC0-301F-11D3-BF4B-00C04F79EFBC}") = "Assembly-CSharp-Editor", "Assembly-CSharp-Editor.csproj", "{E716CC4A-D0D9-7CEC-9069-BFE0A88A16D4}"
EndProject
Global
	GlobalSection(SolutionConfigurationPlatforms) = preSolution
		Debug|Any CPU = Debug|Any CPU
		Release|Any CPU = Release|Any CPU
	EndGlobalSection
	GlobalSection(ProjectConfigurationPlatforms) = postSolution
		{51886B5B-CE3C-1414-6242-0C63DFB8EB49}.Debug|Any CPU.ActiveCfg = Debug|Any CPU
		{51886B5B-CE3C-1414-6242-0C63DFB8EB49}.Debug|Any CPU.Build.0 = Debug|Any CPU
		{51886B5B-CE3C-1414-6242-0C63DFB8EB49}.Release|Any CPU.ActiveCfg = Release|Any CPU
		{51886B5B-CE3C-1414-6242-0C63DFB8EB49}.Release|Any CPU.Build.0 = Release|Any CPU
		{E716CC4A-D0D9-7CEC-9069-BFE0A88A16D4}.Debug|Any CPU.ActiveCfg = Debug|Any CPU
		{E716CC4A-D0D9-7CEC-9069-BFE0A88A16D4}.Debug|Any CPU.Build.0 = Debug|Any CPU
		{E716CC4A-D0D9-7CEC-9069-BFE0A88A16D4}.Release|Any CPU.ActiveCfg = Release|Any CPU
		{E716CC4A-D0D9-7CEC-9069-BFE0A88A16D4}.Release|Any CPU.Build.0 = Release|Any CPU
	EndGlobalSection
	GlobalSection(SolutionProperties) = preSolution
		HideSolutionNode = FALSE
	EndGlobalSection
EndGlobal
